dependencies:
- name: grafana
  repository: ""
  version: '*.*.*'
- name: clickhouse
  repository: ""
  version: '*.*.*'
- name: mysql
  repository: ""
  version: '*.*.*'
- name: redis
  repository: ""
  version: '*.*.*'
- name: aggregator
  repository: ""
  version: '*.*.*'
- name: victoria-metrics-agent
  repository: ""
  version: '*.*.*'
- name: victoria-metrics-single
  repository: ""
  version: '*.*.*'
- name: kubeai
  repository: ""
  version: '*.*.*'
digest: sha256:31ca17c45d3942c590c30d9f522bf365bccc1ee2d8d9244737e438f4fdf94127
generated: "2024-09-02T13:53:43.325375+05:30"
